
Microsoft Visual Studio Solution File, Format Version 12.00
# Visual Studio Version 16
VisualStudioVersion = 16.0.29613.14
MinimumVisualStudioVersion = 10.0.40219.1
Project("{FAE04EC0-301F-11D3-BF4B-00C04F79EFBC}") = "AppVagasBD.UWP", "AppVagasBD\AppVagasBD.UWP\AppVagasBD.UWP.csproj", "{2B947309-1CFD-4B8F-8C6D-5E426931FE51}"
EndProject
Project("{FAE04EC0-301F-11D3-BF4B-00C04F79EFBC}") = "AppVagasBD.Android", "AppVagasBD\AppVagasBD.Android\AppVagasBD.Android.csproj", "{A1F49210-A2D9-477A-8C0F-CF0FE295C250}"
EndProject
Project("{FAE04EC0-301F-11D3-BF4B-00C04F79EFBC}") = "AppVagasBD.iOS", "AppVagasBD\AppVagasBD.iOS\AppVagasBD.iOS.csproj", "{42DC95F7-3360-4EBE-8A37-287BBAA70B1B}"
EndProject
Project("{FAE04EC0-301F-11D3-BF4B-00C04F79EFBC}") = "AppVagasBD", "AppVagasBD\AppVagasBD\AppVagasBD.csproj", "{F5BCF6D2-5ECD-491E-B2D7-AF18E10657E0}"
EndProject
Global
	GlobalSection(SolutionConfigurationPlatforms) = preSolution
		Debug|Any CPU = Debug|Any CPU
		Debug|ARM = Debug|ARM
		Debug|iPhone = Debug|iPhone
		Debug|iPhoneSimulator = Debug|iPhoneSimulator
		Debug|x64 = Debug|x64
		Debug|x86 = Debug|x86
		Release|Any CPU = Release|Any CPU
		Release|ARM = Release|ARM
		Release|iPhone = Release|iPhone
		Release|iPhoneSimulator = Release|iPhoneSimulator
		Release|x64 = Release|x64
		Release|x86 = Release|x86
	EndGlobalSection
	GlobalSection(ProjectConfigurationPlatforms) = postSolution
		{2B947309-1CFD-4B8F-8C6D-5E426931FE51}.Debug|Any CPU.ActiveCfg = Debug|x86
		{2B947309-1CFD-4B8F-8C6D-5E426931FE51}.Debug|Any CPU.Build.0 = Debug|x86
		{2B947309-1CFD-4B8F-8C6D-5E426931FE51}.Debug|Any CPU.Deploy.0 = Debug|x86
		{2B947309-1CFD-4B8F-8C6D-5E426931FE51}.Debug|ARM.ActiveCfg = Debug|ARM
		{2B947309-1CFD-4B8F-8C6D-5E426931FE51}.Debug|ARM.Build.0 = Debug|ARM
		{2B947309-1CFD-4B8F-8C6D-5E426931FE51}.Debug|ARM.Deploy.0 = Debug|ARM
		{2B947309-1CFD-4B8F-8C6D-5E426931FE51}.Debug|iPhone.ActiveCfg = Debug|x86
		{2B947309-1CFD-4B8F-8C6D-5E426931FE51}.Debug|iPhone.Build.0 = Debug|x86
		{2B947309-1CFD-4B8F-8C6D-5E426931FE51}.Debug|iPhone.Deploy.0 = Debug|x86
		{2B947309-1CFD-4B8F-8C6D-5E426931FE51}.Debug|iPhoneSimulator.ActiveCfg = Debug|x86
		{2B947309-1CFD-4B8F-8C6D-5E426931FE51}.Debug|iPhoneSimulator.Build.0 = Debug|x86
		{2B947309-1CFD-4B8F-8C6D-5E426931FE51}.Debug|iPhoneSimulator.Deploy.0 = Debug|x86
		{2B947309-1CFD-4B8F-8C6D-5E426931FE51}.Debug|x64.ActiveCfg = Debug|x64
		{2B947309-1CFD-4B8F-8C6D-5E426931FE51}.Debug|x64.Build.0 = Debug|x64
		{2B947309-1CFD-4B8F-8C6D-5E426931FE51}.Debug|x64.Deploy.0 = Debug|x64
		{2B947309-1CFD-4B8F-8C6D-5E426931FE51}.Debug|x86.ActiveCfg = Debug|x86
		{2B947309-1CFD-4B8F-8C6D-5E426931FE51}.Debug|x86.Build.0 = Debug|x86
		{2B947309-1CFD-4B8F-8C6D-5E426931FE51}.Debug|x86.Deploy.0 = Debug|x86
		{2B947309-1CFD-4B8F-8C6D-5E426931FE51}.Release|Any CPU.ActiveCfg = Release|x86
		{2B947309-1CFD-4B8F-8C6D-5E426931FE51}.Release|Any CPU.Build.0 = Release|x86
		{2B947309-1CFD-4B8F-8C6D-5E426931FE51}.Release|Any CPU.Deploy.0 = Release|x86
		{2B947309-1CFD-4B8F-8C6D-5E426931FE51}.Release|ARM.ActiveCfg = Release|ARM
		{2B947309-1CFD-4B8F-8C6D-5E426931FE51}.Release|ARM.Build.0 = Release|ARM
		{2B947309-1CFD-4B8F-8C6D-5E426931FE51}.Release|ARM.Deploy.0 = Release|ARM
		{2B947309-1CFD-4B8F-8C6D-5E426931FE51}.Release|iPhone.ActiveCfg = Release|x86
		{2B947309-1CFD-4B8F-8C6D-5E426931FE51}.Release|iPhone.Build.0 = Release|x86
		{2B947309-1CFD-4B8F-8C6D-5E426931FE51}.Release|iPhone.Deploy.0 = Release|x86
		{2B947309-1CFD-4B8F-8C6D-5E426931FE51}.Release|iPhoneSimulator.ActiveCfg = Release|x86
		{2B947309-1CFD-4B8F-8C6D-5E426931FE51}.Release|iPhoneSimulator.Build.0 = Release|x86
		{2B947309-1CFD-4B8F-8C6D-5E426931FE51}.Release|iPhoneSimulator.Deploy.0 = Release|x86
		{2B947309-1CFD-4B8F-8C6D-5E426931FE51}.Release|x64.ActiveCfg = Release|x64
		{2B947309-1CFD-4B8F-8C6D-5E426931FE51}.Release|x64.Build.0 = Release|x64
		{2B947309-1CFD-4B8F-8C6D-5E426931FE51}.Release|x64.Deploy.0 = Release|x64
		{2B947309-1CFD-4B8F-8C6D-5E426931FE51}.Release|x86.ActiveCfg = Release|x86
		{2B947309-1CFD-4B8F-8C6D-5E426931FE51}.Release|x86.Build.0 = Release|x86
		{2B947309-1CFD-4B8F-8C6D-5E426931FE51}.Release|x86.Deploy.0 = Release|x86
		{A1F49210-A2D9-477A-8C0F-CF0FE295C250}.Debug|Any CPU.ActiveCfg = Debug|Any CPU
		{A1F49210-A2D9-477A-8C0F-CF0FE295C250}.Debug|Any CPU.Build.0 = Debug|Any CPU
		{A1F49210-A2D9-477A-8C0F-CF0FE295C250}.Debug|Any CPU.Deploy.0 = Debug|Any CPU
		{A1F49210-A2D9-477A-8C0F-CF0FE295C250}.Debug|ARM.ActiveCfg = Debug|Any CPU
		{A1F49210-A2D9-477A-8C0F-CF0FE295C250}.Debug|ARM.Build.0 = Debug|Any CPU
		{A1F49210-A2D9-477A-8C0F-CF0FE295C250}.Debug|ARM.Deploy.0 = Debug|Any CPU
		{A1F49210-A2D9-477A-8C0F-CF0FE295C250}.Debug|iPhone.ActiveCfg = Debug|Any CPU
		{A1F49210-A2D9-477A-8C0F-CF0FE295C250}.Debug|iPhone.Build.0 = Debug|Any CPU
		{A1F49210-A2D9-477A-8C0F-CF0FE295C250}.Debug|iPhone.Deploy.0 = Debug|Any CPU
		{A1F49210-A2D9-477A-8C0F-CF0FE295C250}.Debug|iPhoneSimulator.ActiveCfg = Debug|Any CPU
		{A1F49210-A2D9-477A-8C0F-CF0FE295C250}.Debug|iPhoneSimulator.Build.0 = Debug|Any CPU
		{A1F49210-A2D9-477A-8C0F-CF0FE295C250}.Debug|iPhoneSimulator.Deploy.0 = Debug|Any CPU
		{A1F49210-A2D9-477A-8C0F-CF0FE295C250}.Debug|x64.ActiveCfg = Debug|Any CPU
		{A1F49210-A2D9-477A-8C0F-CF0FE295C250}.Debug|x64.Build.0 = Debug|Any CPU
		{A1F49210-A2D9-477A-8C0F-CF0FE295C250}.Debug|x64.Deploy.0 = Debug|Any CPU
		{A1F49210-A2D9-477A-8C0F-CF0FE295C250}.Debug|x86.ActiveCfg = Debug|Any CPU
		{A1F49210-A2D9-477A-8C0F-CF0FE295C250}.Debug|x86.Build.0 = Debug|Any CPU
		{A1F49210-A2D9-477A-8C0F-CF0FE295C250}.Debug|x86.Deploy.0 = Debug|Any CPU
		{A1F49210-A2D9-477A-8C0F-CF0FE295C250}.Release|Any CPU.ActiveCfg = Release|Any CPU
		{A1F49210-A2D9-477A-8C0F-CF0FE295C250}.Release|Any CPU.Build.0 = Release|Any CPU
		{A1F49210-A2D9-477A-8C0F-CF0FE295C250}.Release|Any CPU.Deploy.0 = Release|Any CPU
		{A1F49210-A2D9-477A-8C0F-CF0FE295C250}.Release|ARM.ActiveCfg = Release|Any CPU
		{A1F49210-A2D9-477A-8C0F-CF0FE295C250}.Release|ARM.Build.0 = Release|Any CPU
		{A1F49210-A2D9-477A-8C0F-CF0FE295C250}.Release|ARM.Deploy.0 = Release|Any CPU
		{A1F49210-A2D9-477A-8C0F-CF0FE295C250}.Release|iPhone.ActiveCfg = Release|Any CPU
		{A1F49210-A2D9-477A-8C0F-CF0FE295C250}.Release|iPhone.Build.0 = Release|Any CPU
		{A1F49210-A2D9-477A-8C0F-CF0FE295C250}.Release|iPhone.Deploy.0 = Release|Any CPU
		{A1F49210-A2D9-477A-8C0F-CF0FE295C250}.Release|iPhoneSimulator.ActiveCfg = Release|Any CPU
		{A1F49210-A2D9-477A-8C0F-CF0FE295C250}.Release|iPhoneSimulator.Build.0 = Release|Any CPU
		{A1F49210-A2D9-477A-8C0F-CF0FE295C250}.Release|iPhoneSimulator.Deploy.0 = Release|Any CPU
		{A1F49210-A2D9-477A-8C0F-CF0FE295C250}.Release|x64.ActiveCfg = Release|Any CPU
		{A1F49210-A2D9-477A-8C0F-CF0FE295C250}.Release|x64.Build.0 = Release|Any CPU
		{A1F49210-A2D9-477A-8C0F-CF0FE295C250}.Release|x64.Deploy.0 = Release|Any CPU
		{A1F49210-A2D9-477A-8C0F-CF0FE295C250}.Release|x86.ActiveCfg = Release|Any CPU
		{A1F49210-A2D9-477A-8C0F-CF0FE295C250}.Release|x86.Build.0 = Release|Any CPU
		{A1F49210-A2D9-477A-8C0F-CF0FE295C250}.Release|x86.Deploy.0 = Release|Any CPU
		{42DC95F7-3360-4EBE-8A37-287BBAA70B1B}.Debug|Any CPU.ActiveCfg = Debug|iPhone
		{42DC95F7-3360-4EBE-8A37-287BBAA70B1B}.Debug|Any CPU.Build.0 = Debug|iPhone
		{42DC95F7-3360-4EBE-8A37-287BBAA70B1B}.Debug|Any CPU.Deploy.0 = Debug|iPhone
		{42DC95F7-3360-4EBE-8A37-287BBAA70B1B}.Debug|ARM.ActiveCfg = Debug|iPhoneSimulator
		{42DC95F7-3360-4EBE-8A37-287BBAA70B1B}.Debug|ARM.Build.0 = Debug|iPhoneSimulator
		{42DC95F7-3360-4EBE-8A37-287BBAA70B1B}.Debug|ARM.Deploy.0 = Debug|iPhoneSimulator
		{42DC95F7-3360-4EBE-8A37-287BBAA70B1B}.Debug|iPhone.ActiveCfg = Debug|iPhone
		{42DC95F7-3360-4EBE-8A37-287BBAA70B1B}.Debug|iPhone.Build.0 = Debug|iPhone
		{42DC95F7-3360-4EBE-8A37-287BBAA70B1B}.Debug|iPhone.Deploy.0 = Debug|iPhone
		{42DC95F7-3360-4EBE-8A37-287BBAA70B1B}.Debug|iPhoneSimulator.ActiveCfg = Debug|iPhoneSimulator
		{42DC95F7-3360-4EBE-8A37-287BBAA70B1B}.Debug|iPhoneSimulator.Build.0 = Debug|iPhoneSimulator
		{42DC95F7-3360-4EBE-8A37-287BBAA70B1B}.Debug|iPhoneSimulator.Deploy.0 = Debug|iPhoneSimulator
		{42DC95F7-3360-4EBE-8A37-287BBAA70B1B}.Debug|x64.ActiveCfg = Debug|iPhone
		{42DC95F7-3360-4EBE-8A37-287BBAA70B1B}.Debug|x64.Build.0 = Debug|iPhone
		{42DC95F7-3360-4EBE-8A37-287BBAA70B1B}.Debug|x64.Deploy.0 = Debug|iPhone
		{42DC95F7-3360-4EBE-8A37-287BBAA70B1B}.Debug|x86.ActiveCfg = Debug|iPhone
		{42DC95F7-3360-4EBE-8A37-287BBAA70B1B}.Debug|x86.Build.0 = Debug|iPhone
		{42DC95F7-3360-4EBE-8A37-287BBAA70B1B}.Debug|x86.Deploy.0 = Debug|iPhone
		{42DC95F7-3360-4EBE-8A37-287BBAA70B1B}.Release|Any CPU.ActiveCfg = Release|iPhone
		{42DC95F7-3360-4EBE-8A37-287BBAA70B1B}.Release|Any CPU.Build.0 = Release|iPhone
		{42DC95F7-3360-4EBE-8A37-287BBAA70B1B}.Release|Any CPU.Deploy.0 = Release|iPhone
		{42DC95F7-3360-4EBE-8A37-287BBAA70B1B}.Release|ARM.ActiveCfg = Release|iPhone
		{42DC95F7-3360-4EBE-8A37-287BBAA70B1B}.Release|ARM.Build.0 = Release|iPhone
		{42DC95F7-3360-4EBE-8A37-287BBAA70B1B}.Release|ARM.Deploy.0 = Release|iPhone
		{42DC95F7-3360-4EBE-8A37-287BBAA70B1B}.Release|iPhone.ActiveCfg = Release|iPhone
		{42DC95F7-3360-4EBE-8A37-287BBAA70B1B}.Release|iPhone.Build.0 = Release|iPhone
		{42DC95F7-3360-4EBE-8A37-287BBAA70B1B}.Release|iPhone.Deploy.0 = Release|iPhone
		{42DC95F7-3360-4EBE-8A37-287BBAA70B1B}.Release|iPhoneSimulator.ActiveCfg = Release|iPhoneSimulator
		{42DC95F7-3360-4EBE-8A37-287BBAA70B1B}.Release|iPhoneSimulator.Build.0 = Release|iPhoneSimulator
		{42DC95F7-3360-4EBE-8A37-287BBAA70B1B}.Release|iPhoneSimulator.Deploy.0 = Release|iPhoneSimulator
		{42DC95F7-3360-4EBE-8A37-287BBAA70B1B}.Release|x64.ActiveCfg = Release|iPhone
		{42DC95F7-3360-4EBE-8A37-287BBAA70B1B}.Release|x64.Build.0 = Release|iPhone
		{42DC95F7-3360-4EBE-8A37-287BBAA70B1B}.Release|x64.Deploy.0 = Release|iPhone
		{42DC95F7-3360-4EBE-8A37-287BBAA70B1B}.Release|x86.ActiveCfg = Release|iPhone
		{42DC95F7-3360-4EBE-8A37-287BBAA70B1B}.Release|x86.Build.0 = Release|iPhone
		{42DC95F7-3360-4EBE-8A37-287BBAA70B1B}.Release|x86.Deploy.0 = Release|iPhone
		{F5BCF6D2-5ECD-491E-B2D7-AF18E10657E0}.Debug|Any CPU.ActiveCfg = Debug|Any CPU
		{F5BCF6D2-5ECD-491E-B2D7-AF18E10657E0}.Debug|Any CPU.Build.0 = Debug|Any CPU
		{F5BCF6D2-5ECD-491E-B2D7-AF18E10657E0}.Debug|Any CPU.Deploy.0 = Debug|Any CPU
		{F5BCF6D2-5ECD-491E-B2D7-AF18E10657E0}.Debug|ARM.ActiveCfg = Debug|Any CPU
		{F5BCF6D2-5ECD-491E-B2D7-AF18E10657E0}.Debug|ARM.Build.0 = Debug|Any CPU
		{F5BCF6D2-5ECD-491E-B2D7-AF18E10657E0}.Debug|ARM.Deploy.0 = Debug|Any CPU
		{F5BCF6D2-5ECD-491E-B2D7-AF18E10657E0}.Debug|iPhone.ActiveCfg = Debug|Any CPU
		{F5BCF6D2-5ECD-491E-B2D7-AF18E10657E0}.Debug|iPhone.Build.0 = Debug|Any CPU
		{F5BCF6D2-5ECD-491E-B2D7-AF18E10657E0}.Debug|iPhone.Deploy.0 = Debug|Any CPU
		{F5BCF6D2-5ECD-491E-B2D7-AF18E10657E0}.Debug|iPhoneSimulator.ActiveCfg = Debug|Any CPU
		{F5BCF6D2-5ECD-491E-B2D7-AF18E10657E0}.Debug|iPhoneSimulator.Build.0 = Debug|Any CPU
		{F5BCF6D2-5ECD-491E-B2D7-AF18E10657E0}.Debug|iPhoneSimulator.Deploy.0 = Debug|Any CPU
		{F5BCF6D2-5ECD-491E-B2D7-AF18E10657E0}.Debug|x64.ActiveCfg = Debug|Any CPU
		{F5BCF6D2-5ECD-491E-B2D7-AF18E10657E0}.Debug|x64.Build.0 = Debug|Any CPU
		{F5BCF6D2-5ECD-491E-B2D7-AF18E10657E0}.Debug|x64.Deploy.0 = Debug|Any CPU
		{F5BCF6D2-5ECD-491E-B2D7-AF18E10657E0}.Debug|x86.ActiveCfg = Debug|Any CPU
		{F5BCF6D2-5ECD-491E-B2D7-AF18E10657E0}.Debug|x86.Build.0 = Debug|Any CPU
		{F5BCF6D2-5ECD-491E-B2D7-AF18E10657E0}.Debug|x86.Deploy.0 = Debug|Any CPU
		{F5BCF6D2-5ECD-491E-B2D7-AF18E10657E0}.Release|Any CPU.ActiveCfg = Release|Any CPU
		{F5BCF6D2-5ECD-491E-B2D7-AF18E10657E0}.Release|Any CPU.Build.0 = Release|Any CPU
		{F5BCF6D2-5ECD-491E-B2D7-AF18E10657E0}.Release|Any CPU.Deploy.0 = Release|Any CPU
		{F5BCF6D2-5ECD-491E-B2D7-AF18E10657E0}.Release|ARM.ActiveCfg = Release|Any CPU
		{F5BCF6D2-5ECD-491E-B2D7-AF18E10657E0}.Release|ARM.Build.0 = Release|Any CPU
		{F5BCF6D2-5ECD-491E-B2D7-AF18E10657E0}.Release|ARM.Deploy.0 = Release|Any CPU
		{F5BCF6D2-5ECD-491E-B2D7-AF18E10657E0}.Release|iPhone.ActiveCfg = Release|Any CPU
		{F5BCF6D2-5ECD-491E-B2D7-AF18E10657E0}.Release|iPhone.Build.0 = Release|Any CPU
		{F5BCF6D2-5ECD-491E-B2D7-AF18E10657E0}.Release|iPhone.Deploy.0 = Release|Any CPU
		{F5BCF6D2-5ECD-491E-B2D7-AF18E10657E0}.Release|iPhoneSimulator.ActiveCfg = Release|Any CPU
		{F5BCF6D2-5ECD-491E-B2D7-AF18E10657E0}.Release|iPhoneSimulator.Build.0 = Release|Any CPU
		{F5BCF6D2-5ECD-491E-B2D7-AF18E10657E0}.Release|iPhoneSimulator.Deploy.0 = Release|Any CPU
		{F5BCF6D2-5ECD-491E-B2D7-AF18E10657E0}.Release|x64.ActiveCfg = Release|Any CPU
		{F5BCF6D2-5ECD-491E-B2D7-AF18E10657E0}.Release|x64.Build.0 = Release|Any CPU
		{F5BCF6D2-5ECD-491E-B2D7-AF18E10657E0}.Release|x64.Deploy.0 = Release|Any CPU
		{F5BCF6D2-5ECD-491E-B2D7-AF18E10657E0}.Release|x86.ActiveCfg = Release|Any CPU
		{F5BCF6D2-5ECD-491E-B2D7-AF18E10657E0}.Release|x86.Build.0 = Release|Any CPU
		{F5BCF6D2-5ECD-491E-B2D7-AF18E10657E0}.Release|x86.Deploy.0 = Release|Any CPU
	EndGlobalSection
	GlobalSection(SolutionProperties) = preSolution
		HideSolutionNode = FALSE
	EndGlobalSection
	GlobalSection(ExtensibilityGlobals) = postSolution
		SolutionGuid = {EDDBA142-AE68-4A3A-A303-28CBD10808C3}
	EndGlobalSection
EndGlobal
